
Microsoft Visual Studio Solution File, Format Version 12.00
# Visual Studio 15
VisualStudioVersion = 15.0.26124.0
MinimumVisualStudioVersion = 15.0.26124.0
Project("{FAE04EC0-301F-11D3-BF4B-00C04F79EFBC}") = "Domain", "Domain\Domain.csproj", "{D1499B13-DA0A-4508-8EB3-F8458C65E8DC}"
EndProject
Project("{FAE04EC0-301F-11D3-BF4B-00C04F79EFBC}") = "Application", "Application\Application.csproj", "{2B27E671-9B40-4B8D-8188-C1C7A67704AB}"
EndProject
Project("{FAE04EC0-301F-11D3-BF4B-00C04F79EFBC}") = "Persistence", "Persistence\Persistence.csproj", "{97674180-CF4F-4B6A-8984-CE55B9CD6CCE}"
EndProject
Project("{FAE04EC0-301F-11D3-BF4B-00C04F79EFBC}") = "API", "API\API.csproj", "{D3B215D5-EA55-4A40-B993-D7D091CB2FE8}"
EndProject
Global
	GlobalSection(SolutionConfigurationPlatforms) = preSolution
		Debug|Any CPU = Debug|Any CPU
		Debug|x64 = Debug|x64
		Debug|x86 = Debug|x86
		Release|Any CPU = Release|Any CPU
		Release|x64 = Release|x64
		Release|x86 = Release|x86
	EndGlobalSection
	GlobalSection(SolutionProperties) = preSolution
		HideSolutionNode = FALSE
	EndGlobalSection
	GlobalSection(ProjectConfigurationPlatforms) = postSolution
		{D1499B13-DA0A-4508-8EB3-F8458C65E8DC}.Debug|Any CPU.ActiveCfg = Debug|Any CPU
		{D1499B13-DA0A-4508-8EB3-F8458C65E8DC}.Debug|Any CPU.Build.0 = Debug|Any CPU
		{D1499B13-DA0A-4508-8EB3-F8458C65E8DC}.Debug|x64.ActiveCfg = Debug|Any CPU
		{D1499B13-DA0A-4508-8EB3-F8458C65E8DC}.Debug|x64.Build.0 = Debug|Any CPU
		{D1499B13-DA0A-4508-8EB3-F8458C65E8DC}.Debug|x86.ActiveCfg = Debug|Any CPU
		{D1499B13-DA0A-4508-8EB3-F8458C65E8DC}.Debug|x86.Build.0 = Debug|Any CPU
		{D1499B13-DA0A-4508-8EB3-F8458C65E8DC}.Release|Any CPU.ActiveCfg = Release|Any CPU
		{D1499B13-DA0A-4508-8EB3-F8458C65E8DC}.Release|Any CPU.Build.0 = Release|Any CPU
		{D1499B13-DA0A-4508-8EB3-F8458C65E8DC}.Release|x64.ActiveCfg = Release|Any CPU
		{D1499B13-DA0A-4508-8EB3-F8458C65E8DC}.Release|x64.Build.0 = Release|Any CPU
		{D1499B13-DA0A-4508-8EB3-F8458C65E8DC}.Release|x86.ActiveCfg = Release|Any CPU
		{D1499B13-DA0A-4508-8EB3-F8458C65E8DC}.Release|x86.Build.0 = Release|Any CPU
		{2B27E671-9B40-4B8D-8188-C1C7A67704AB}.Debug|Any CPU.ActiveCfg = Debug|Any CPU
		{2B27E671-9B40-4B8D-8188-C1C7A67704AB}.Debug|Any CPU.Build.0 = Debug|Any CPU
		{2B27E671-9B40-4B8D-8188-C1C7A67704AB}.Debug|x64.ActiveCfg = Debug|Any CPU
		{2B27E671-9B40-4B8D-8188-C1C7A67704AB}.Debug|x64.Build.0 = Debug|Any CPU
		{2B27E671-9B40-4B8D-8188-C1C7A67704AB}.Debug|x86.ActiveCfg = Debug|Any CPU
		{2B27E671-9B40-4B8D-8188-C1C7A67704AB}.Debug|x86.Build.0 = Debug|Any CPU
		{2B27E671-9B40-4B8D-8188-C1C7A67704AB}.Release|Any CPU.ActiveCfg = Release|Any CPU
		{2B27E671-9B40-4B8D-8188-C1C7A67704AB}.Release|Any CPU.Build.0 = Release|Any CPU
		{2B27E671-9B40-4B8D-8188-C1C7A67704AB}.Release|x64.ActiveCfg = Release|Any CPU
		{2B27E671-9B40-4B8D-8188-C1C7A67704AB}.Release|x64.Build.0 = Release|Any CPU
		{2B27E671-9B40-4B8D-8188-C1C7A67704AB}.Release|x86.ActiveCfg = Release|Any CPU
		{2B27E671-9B40-4B8D-8188-C1C7A67704AB}.Release|x86.Build.0 = Release|Any CPU
		{97674180-CF4F-4B6A-8984-CE55B9CD6CCE}.Debug|Any CPU.ActiveCfg = Debug|Any CPU
		{97674180-CF4F-4B6A-8984-CE55B9CD6CCE}.Debug|Any CPU.Build.0 = Debug|Any CPU
		{97674180-CF4F-4B6A-8984-CE55B9CD6CCE}.Debug|x64.ActiveCfg = Debug|Any CPU
		{97674180-CF4F-4B6A-8984-CE55B9CD6CCE}.Debug|x64.Build.0 = Debug|Any CPU
		{97674180-CF4F-4B6A-8984-CE55B9CD6CCE}.Debug|x86.ActiveCfg = Debug|Any CPU
		{97674180-CF4F-4B6A-8984-CE55B9CD6CCE}.Debug|x86.Build.0 = Debug|Any CPU
		{97674180-CF4F-4B6A-8984-CE55B9CD6CCE}.Release|Any CPU.ActiveCfg = Release|Any CPU
		{97674180-CF4F-4B6A-8984-CE55B9CD6CCE}.Release|Any CPU.Build.0 = Release|Any CPU
		{97674180-CF4F-4B6A-8984-CE55B9CD6CCE}.Release|x64.ActiveCfg = Release|Any CPU
		{97674180-CF4F-4B6A-8984-CE55B9CD6CCE}.Release|x64.Build.0 = Release|Any CPU
		{97674180-CF4F-4B6A-8984-CE55B9CD6CCE}.Release|x86.ActiveCfg = Release|Any CPU
		{97674180-CF4F-4B6A-8984-CE55B9CD6CCE}.Release|x86.Build.0 = Release|Any CPU
		{D3B215D5-EA55-4A40-B993-D7D091CB2FE8}.Debug|Any CPU.ActiveCfg = Debug|Any CPU
		{D3B215D5-EA55-4A40-B993-D7D091CB2FE8}.Debug|Any CPU.Build.0 = Debug|Any CPU
		{D3B215D5-EA55-4A40-B993-D7D091CB2FE8}.Debug|x64.ActiveCfg = Debug|Any CPU
		{D3B215D5-EA55-4A40-B993-D7D091CB2FE8}.Debug|x64.Build.0 = Debug|Any CPU
		{D3B215D5-EA55-4A40-B993-D7D091CB2FE8}.Debug|x86.ActiveCfg = Debug|Any CPU
		{D3B215D5-EA55-4A40-B993-D7D091CB2FE8}.Debug|x86.Build.0 = Debug|Any CPU
		{D3B215D5-EA55-4A40-B993-D7D091CB2FE8}.Release|Any CPU.ActiveCfg = Release|Any CPU
		{D3B215D5-EA55-4A40-B993-D7D091CB2FE8}.Release|Any CPU.Build.0 = Release|Any CPU
		{D3B215D5-EA55-4A40-B993-D7D091CB2FE8}.Release|x64.ActiveCfg = Release|Any CPU
		{D3B215D5-EA55-4A40-B993-D7D091CB2FE8}.Release|x64.Build.0 = Release|Any CPU
		{D3B215D5-EA55-4A40-B993-D7D091CB2FE8}.Release|x86.ActiveCfg = Release|Any CPU
		{D3B215D5-EA55-4A40-B993-D7D091CB2FE8}.Release|x86.Build.0 = Release|Any CPU
	EndGlobalSection
EndGlobal
